
Microsoft Visual Studio Solution File, Format Version 12.00
# Visual Studio Version 17
VisualStudioVersion = 17.14.36616.10 d17.14
MinimumVisualStudioVersion = 10.0.40219.1
Project("{FAE04EC0-301F-11D3-BF4B-00C04F79EFBC}") = "GameLibraryAPI", "GameLibraryAPI\GameLibraryAPI.csproj", "{2EBDF15C-2948-4C39-BCC9-41BBAB060992}"
EndProject
Global
	GlobalSection(SolutionConfigurationPlatforms) = preSolution
		Debug|Any CPU = Debug|Any CPU
		Release|Any CPU = Release|Any CPU
	EndGlobalSection
	GlobalSection(ProjectConfigurationPlatforms) = postSolution
		{2EBDF15C-2948-4C39-BCC9-41BBAB060992}.Debug|Any CPU.ActiveCfg = Debug|Any CPU
		{2EBDF15C-2948-4C39-BCC9-41BBAB060992}.Debug|Any CPU.Build.0 = Debug|Any CPU
		{2EBDF15C-2948-4C39-BCC9-41BBAB060992}.Release|Any CPU.ActiveCfg = Release|Any CPU
		{2EBDF15C-2948-4C39-BCC9-41BBAB060992}.Release|Any CPU.Build.0 = Release|Any CPU
	EndGlobalSection
	GlobalSection(SolutionProperties) = preSolution
		HideSolutionNode = FALSE
	EndGlobalSection
	GlobalSection(ExtensibilityGlobals) = postSolution
		SolutionGuid = {5D9EB573-BDA9-475E-BFD2-D1E7B818D8F1}
	EndGlobalSection
EndGlobal
